
Microsoft Visual Studio Solution File, Format Version 12.00
# Visual Studio Version 17
VisualStudioVersion = 17.9.34723.18
MinimumVisualStudioVersion = 10.0.40219.1
Project("{8BC9CEB8-8B4A-11D0-8D11-00A0C91BC942}") = "課題1", "課題1\課題1.vcxproj", "{F9564C34-C1AC-4F92-BB2F-EC7CDBABA6D7}"
EndProject
Project("{8BC9CEB8-8B4A-11D0-8D11-00A0C91BC942}") = "課題2", "課題2\課題2.vcxproj", "{70C5F978-C692-4377-BA53-7D5961CCE07C}"
EndProject
Project("{8BC9CEB8-8B4A-11D0-8D11-00A0C91BC942}") = "課題3", "課題3\課題3.vcxproj", "{DBC326C7-366C-49F7-9669-A46AAAAD9EEB}"
EndProject
Project("{8BC9CEB8-8B4A-11D0-8D11-00A0C91BC942}") = "課題4", "課題4\課題4.vcxproj", "{97BFD79A-8D4D-49EB-8DCB-4AE6B11C9DD4}"
EndProject
Project("{8BC9CEB8-8B4A-11D0-8D11-00A0C91BC942}") = "課題5", "課題5\課題5.vcxproj", "{1B4EA76D-05C7-45B1-BA0D-B6F71E715187}"
EndProject
Project("{8BC9CEB8-8B4A-11D0-8D11-00A0C91BC942}") = "課題6", "課題6\課題6.vcxproj", "{EA916039-48EA-4272-A548-1D827C025D71}"
EndProject
Project("{8BC9CEB8-8B4A-11D0-8D11-00A0C91BC942}") = "課題7", "課題7\課題7.vcxproj", "{4654C241-D71C-4EB1-9CCF-833C077076D6}"
EndProject
Project("{8BC9CEB8-8B4A-11D0-8D11-00A0C91BC942}") = "課題8", "課題8\課題8.vcxproj", "{B49B9FA8-01A5-45D9-8743-4BED37252CE0}"
EndProject
Project("{8BC9CEB8-8B4A-11D0-8D11-00A0C91BC942}") = "課題9", "課題9\課題9.vcxproj", "{334F19D3-E581-41E7-BCC2-CF6B04A57DD6}"
EndProject
Project("{8BC9CEB8-8B4A-11D0-8D11-00A0C91BC942}") = "課題10", "課題10\課題10.vcxproj", "{B3E2F734-A994-417B-B081-D7ABB25CA036}"
EndProject
Project("{8BC9CEB8-8B4A-11D0-8D11-00A0C91BC942}") = "課題11", "課題11\課題11.vcxproj", "{23B43807-8AE6-4897-BD63-97535C217ED4}"
EndProject
Project("{8BC9CEB8-8B4A-11D0-8D11-00A0C91BC942}") = "課題12", "課題12\課題12.vcxproj", "{AECF9F47-6B64-4C8B-841A-46573DCE658D}"
EndProject
Project("{8BC9CEB8-8B4A-11D0-8D11-00A0C91BC942}") = "課題13", "課題13\課題13.vcxproj", "{21C704DF-F9EA-4BCC-81CF-D4D05A34F1BC}"
EndProject
Project("{8BC9CEB8-8B4A-11D0-8D11-00A0C91BC942}") = "課題14", "課題14\課題14.vcxproj", "{C9E7AFA3-0002-4C1E-B4E3-7CE6CE63B5AC}"
EndProject
Global
	GlobalSection(SolutionConfigurationPlatforms) = preSolution
		Debug|x64 = Debug|x64
		Debug|x86 = Debug|x86
		Release|x64 = Release|x64
		Release|x86 = Release|x86
	EndGlobalSection
	GlobalSection(ProjectConfigurationPlatforms) = postSolution
		{F9564C34-C1AC-4F92-BB2F-EC7CDBABA6D7}.Debug|x64.ActiveCfg = Debug|x64
		{F9564C34-C1AC-4F92-BB2F-EC7CDBABA6D7}.Debug|x64.Build.0 = Debug|x64
		{F9564C34-C1AC-4F92-BB2F-EC7CDBABA6D7}.Debug|x86.ActiveCfg = Debug|Win32
		{F9564C34-C1AC-4F92-BB2F-EC7CDBABA6D7}.Debug|x86.Build.0 = Debug|Win32
		{F9564C34-C1AC-4F92-BB2F-EC7CDBABA6D7}.Release|x64.ActiveCfg = Release|x64
		{F9564C34-C1AC-4F92-BB2F-EC7CDBABA6D7}.Release|x64.Build.0 = Release|x64
		{F9564C34-C1AC-4F92-BB2F-EC7CDBABA6D7}.Release|x86.ActiveCfg = Release|Win32
		{F9564C34-C1AC-4F92-BB2F-EC7CDBABA6D7}.Release|x86.Build.0 = Release|Win32
		{70C5F978-C692-4377-BA53-7D5961CCE07C}.Debug|x64.ActiveCfg = Debug|x64
		{70C5F978-C692-4377-BA53-7D5961CCE07C}.Debug|x64.Build.0 = Debug|x64
		{70C5F978-C692-4377-BA53-7D5961CCE07C}.Debug|x86.ActiveCfg = Debug|Win32
		{70C5F978-C692-4377-BA53-7D5961CCE07C}.Debug|x86.Build.0 = Debug|Win32
		{70C5F978-C692-4377-BA53-7D5961CCE07C}.Release|x64.ActiveCfg = Release|x64
		{70C5F978-C692-4377-BA53-7D5961CCE07C}.Release|x64.Build.0 = Release|x64
		{70C5F978-C692-4377-BA53-7D5961CCE07C}.Release|x86.ActiveCfg = Release|Win32
		{70C5F978-C692-4377-BA53-7D5961CCE07C}.Release|x86.Build.0 = Release|Win32
		{DBC326C7-366C-49F7-9669-A46AAAAD9EEB}.Debug|x64.ActiveCfg = Debug|x64
		{DBC326C7-366C-49F7-9669-A46AAAAD9EEB}.Debug|x64.Build.0 = Debug|x64
		{DBC326C7-366C-49F7-9669-A46AAAAD9EEB}.Debug|x86.ActiveCfg = Debug|Win32
		{DBC326C7-366C-49F7-9669-A46AAAAD9EEB}.Debug|x86.Build.0 = Debug|Win32
		{DBC326C7-366C-49F7-9669-A46AAAAD9EEB}.Release|x64.ActiveCfg = Release|x64
		{DBC326C7-366C-49F7-9669-A46AAAAD9EEB}.Release|x64.Build.0 = Release|x64
		{DBC326C7-366C-49F7-9669-A46AAAAD9EEB}.Release|x86.ActiveCfg = Release|Win32
		{DBC326C7-366C-49F7-9669-A46AAAAD9EEB}.Release|x86.Build.0 = Release|Win32
		{97BFD79A-8D4D-49EB-8DCB-4AE6B11C9DD4}.Debug|x64.ActiveCfg = Debug|x64
		{97BFD79A-8D4D-49EB-8DCB-4AE6B11C9DD4}.Debug|x64.Build.0 = Debug|x64
		{97BFD79A-8D4D-49EB-8DCB-4AE6B11C9DD4}.Debug|x86.ActiveCfg = Debug|Win32
		{97BFD79A-8D4D-49EB-8DCB-4AE6B11C9DD4}.Debug|x86.Build.0 = Debug|Win32
		{97BFD79A-8D4D-49EB-8DCB-4AE6B11C9DD4}.Release|x64.ActiveCfg = Release|x64
		{97BFD79A-8D4D-49EB-8DCB-4AE6B11C9DD4}.Release|x64.Build.0 = Release|x64
		{97BFD79A-8D4D-49EB-8DCB-4AE6B11C9DD4}.Release|x86.ActiveCfg = Release|Win32
		{97BFD79A-8D4D-49EB-8DCB-4AE6B11C9DD4}.Release|x86.Build.0 = Release|Win32
		{1B4EA76D-05C7-45B1-BA0D-B6F71E715187}.Debug|x64.ActiveCfg = Debug|x64
		{1B4EA76D-05C7-45B1-BA0D-B6F71E715187}.Debug|x64.Build.0 = Debug|x64
		{1B4EA76D-05C7-45B1-BA0D-B6F71E715187}.Debug|x86.ActiveCfg = Debug|Win32
		{1B4EA76D-05C7-45B1-BA0D-B6F71E715187}.Debug|x86.Build.0 = Debug|Win32
		{1B4EA76D-05C7-45B1-BA0D-B6F71E715187}.Release|x64.ActiveCfg = Release|x64
		{1B4EA76D-05C7-45B1-BA0D-B6F71E715187}.Release|x64.Build.0 = Release|x64
		{1B4EA76D-05C7-45B1-BA0D-B6F71E715187}.Release|x86.ActiveCfg = Release|Win32
		{1B4EA76D-05C7-45B1-BA0D-B6F71E715187}.Release|x86.Build.0 = Release|Win32
		{EA916039-48EA-4272-A548-1D827C025D71}.Debug|x64.ActiveCfg = Debug|x64
		{EA916039-48EA-4272-A548-1D827C025D71}.Debug|x64.Build.0 = Debug|x64
		{EA916039-48EA-4272-A548-1D827C025D71}.Debug|x86.ActiveCfg = Debug|Win32
		{EA916039-48EA-4272-A548-1D827C025D71}.Debug|x86.Build.0 = Debug|Win32
		{EA916039-48EA-4272-A548-1D827C025D71}.Release|x64.ActiveCfg = Release|x64
		{EA916039-48EA-4272-A548-1D827C025D71}.Release|x64.Build.0 = Release|x64
		{EA916039-48EA-4272-A548-1D827C025D71}.Release|x86.ActiveCfg = Release|Win32
		{EA916039-48EA-4272-A548-1D827C025D71}.Release|x86.Build.0 = Release|Win32
		{4654C241-D71C-4EB1-9CCF-833C077076D6}.Debug|x64.ActiveCfg = Debug|x64
		{4654C241-D71C-4EB1-9CCF-833C077076D6}.Debug|x64.Build.0 = Debug|x64
		{4654C241-D71C-4EB1-9CCF-833C077076D6}.Debug|x86.ActiveCfg = Debug|Win32
		{4654C241-D71C-4EB1-9CCF-833C077076D6}.Debug|x86.Build.0 = Debug|Win32
		{4654C241-D71C-4EB1-9CCF-833C077076D6}.Release|x64.ActiveCfg = Release|x64
		{4654C241-D71C-4EB1-9CCF-833C077076D6}.Release|x64.Build.0 = Release|x64
		{4654C241-D71C-4EB1-9CCF-833C077076D6}.Release|x86.ActiveCfg = Release|Win32
		{4654C241-D71C-4EB1-9CCF-833C077076D6}.Release|x86.Build.0 = Release|Win32
		{B49B9FA8-01A5-45D9-8743-4BED37252CE0}.Debug|x64.ActiveCfg = Debug|x64
		{B49B9FA8-01A5-45D9-8743-4BED37252CE0}.Debug|x64.Build.0 = Debug|x64
		{B49B9FA8-01A5-45D9-8743-4BED37252CE0}.Debug|x86.ActiveCfg = Debug|Win32
		{B49B9FA8-01A5-45D9-8743-4BED37252CE0}.Debug|x86.Build.0 = Debug|Win32
		{B49B9FA8-01A5-45D9-8743-4BED37252CE0}.Release|x64.ActiveCfg = Release|x64
		{B49B9FA8-01A5-45D9-8743-4BED37252CE0}.Release|x64.Build.0 = Release|x64
		{B49B9FA8-01A5-45D9-8743-4BED37252CE0}.Release|x86.ActiveCfg = Release|Win32
		{B49B9FA8-01A5-45D9-8743-4BED37252CE0}.Release|x86.Build.0 = Release|Win32
		{334F19D3-E581-41E7-BCC2-CF6B04A57DD6}.Debug|x64.ActiveCfg = Debug|x64
		{334F19D3-E581-41E7-BCC2-CF6B04A57DD6}.Debug|x64.Build.0 = Debug|x64
		{334F19D3-E581-41E7-BCC2-CF6B04A57DD6}.Debug|x86.ActiveCfg = Debug|Win32
		{334F19D3-E581-41E7-BCC2-CF6B04A57DD6}.Debug|x86.Build.0 = Debug|Win32
		{334F19D3-E581-41E7-BCC2-CF6B04A57DD6}.Release|x64.ActiveCfg = Release|x64
		{334F19D3-E581-41E7-BCC2-CF6B04A57DD6}.Release|x64.Build.0 = Release|x64
		{334F19D3-E581-41E7-BCC2-CF6B04A57DD6}.Release|x86.ActiveCfg = Release|Win32
		{334F19D3-E581-41E7-BCC2-CF6B04A57DD6}.Release|x86.Build.0 = Release|Win32
		{B3E2F734-A994-417B-B081-D7ABB25CA036}.Debug|x64.ActiveCfg = Debug|x64
		{B3E2F734-A994-417B-B081-D7ABB25CA036}.Debug|x64.Build.0 = Debug|x64
		{B3E2F734-A994-417B-B081-D7ABB25CA036}.Debug|x86.ActiveCfg = Debug|Win32
		{B3E2F734-A994-417B-B081-D7ABB25CA036}.Debug|x86.Build.0 = Debug|Win32
		{B3E2F734-A994-417B-B081-D7ABB25CA036}.Release|x64.ActiveCfg = Release|x64
		{B3E2F734-A994-417B-B081-D7ABB25CA036}.Release|x64.Build.0 = Release|x64
		{B3E2F734-A994-417B-B081-D7ABB25CA036}.Release|x86.ActiveCfg = Release|Win32
		{B3E2F734-A994-417B-B081-D7ABB25CA036}.Release|x86.Build.0 = Release|Win32
		{23B43807-8AE6-4897-BD63-97535C217ED4}.Debug|x64.ActiveCfg = Debug|x64
		{23B43807-8AE6-4897-BD63-97535C217ED4}.Debug|x64.Build.0 = Debug|x64
		{23B43807-8AE6-4897-BD63-97535C217ED4}.Debug|x86.ActiveCfg = Debug|Win32
		{23B43807-8AE6-4897-BD63-97535C217ED4}.Debug|x86.Build.0 = Debug|Win32
		{23B43807-8AE6-4897-BD63-97535C217ED4}.Release|x64.ActiveCfg = Release|x64
		{23B43807-8AE6-4897-BD63-97535C217ED4}.Release|x64.Build.0 = Release|x64
		{23B43807-8AE6-4897-BD63-97535C217ED4}.Release|x86.ActiveCfg = Release|Win32
		{23B43807-8AE6-4897-BD63-97535C217ED4}.Release|x86.Build.0 = Release|Win32
		{AECF9F47-6B64-4C8B-841A-46573DCE658D}.Debug|x64.ActiveCfg = Debug|x64
		{AECF9F47-6B64-4C8B-841A-46573DCE658D}.Debug|x64.Build.0 = Debug|x64
		{AECF9F47-6B64-4C8B-841A-46573DCE658D}.Debug|x86.ActiveCfg = Debug|Win32
		{AECF9F47-6B64-4C8B-841A-46573DCE658D}.Debug|x86.Build.0 = Debug|Win32
		{AECF9F47-6B64-4C8B-841A-46573DCE658D}.Release|x64.ActiveCfg = Release|x64
		{AECF9F47-6B64-4C8B-841A-46573DCE658D}.Release|x64.Build.0 = Release|x64
		{AECF9F47-6B64-4C8B-841A-46573DCE658D}.Release|x86.ActiveCfg = Release|Win32
		{AECF9F47-6B64-4C8B-841A-46573DCE658D}.Release|x86.Build.0 = Release|Win32
		{21C704DF-F9EA-4BCC-81CF-D4D05A34F1BC}.Debug|x64.ActiveCfg = Debug|x64
		{21C704DF-F9EA-4BCC-81CF-D4D05A34F1BC}.Debug|x64.Build.0 = Debug|x64
		{21C704DF-F9EA-4BCC-81CF-D4D05A34F1BC}.Debug|x86.ActiveCfg = Debug|Win32
		{21C704DF-F9EA-4BCC-81CF-D4D05A34F1BC}.Debug|x86.Build.0 = Debug|Win32
		{21C704DF-F9EA-4BCC-81CF-D4D05A34F1BC}.Release|x64.ActiveCfg = Release|x64
		{21C704DF-F9EA-4BCC-81CF-D4D05A34F1BC}.Release|x64.Build.0 = Release|x64
		{21C704DF-F9EA-4BCC-81CF-D4D05A34F1BC}.Release|x86.ActiveCfg = Release|Win32
		{21C704DF-F9EA-4BCC-81CF-D4D05A34F1BC}.Release|x86.Build.0 = Release|Win32
		{C9E7AFA3-0002-4C1E-B4E3-7CE6CE63B5AC}.Debug|x64.ActiveCfg = Debug|x64
		{C9E7AFA3-0002-4C1E-B4E3-7CE6CE63B5AC}.Debug|x64.Build.0 = Debug|x64
		{C9E7AFA3-0002-4C1E-B4E3-7CE6CE63B5AC}.Debug|x86.ActiveCfg = Debug|Win32
		{C9E7AFA3-0002-4C1E-B4E3-7CE6CE63B5AC}.Debug|x86.Build.0 = Debug|Win32
		{C9E7AFA3-0002-4C1E-B4E3-7CE6CE63B5AC}.Release|x64.ActiveCfg = Release|x64
		{C9E7AFA3-0002-4C1E-B4E3-7CE6CE63B5AC}.Release|x64.Build.0 = Release|x64
		{C9E7AFA3-0002-4C1E-B4E3-7CE6CE63B5AC}.Release|x86.ActiveCfg = Release|Win32
		{C9E7AFA3-0002-4C1E-B4E3-7CE6CE63B5AC}.Release|x86.Build.0 = Release|Win32
	EndGlobalSection
	GlobalSection(SolutionProperties) = preSolution
		HideSolutionNode = FALSE
	EndGlobalSection
	GlobalSection(ExtensibilityGlobals) = postSolution
		SolutionGuid = {162578FC-A313-4118-95FA-FF05970E4E5B}
	EndGlobalSection
EndGlobal
